{
  "name": "@jrg/embedding",
  "version": "0.0.1",
  "lockfileVersion": 3,
  "requires": true,
  "packages": {
    "": {
      "name": "@jrg/embedding",
      "version": "0.0.1",
      "license": "ISC",
      "dependencies": {
        "@thi.ng/tsne": "latest",
        "openai": "latest"
      }
    },
    "node_modules/@thi.ng/api": {
      "version": "8.12.7",
      "resolved": "https://registry.npmjs.org/@thi.ng/api/-/api-8.12.7.tgz",
      "integrity": "sha512-FZf3hBfkJxKogUJgph0vWofd6kwNrZwY+12a0Mcj9ikt+LRtv3QeIciVhkkKLzCC8QAmRzLTTp2s021ZZa6vDg==",
      "funding": [
        {
          "type": "github",
          "url": "https://github.com/sponsors/postspectacular"
        },
        {
          "type": "patreon",
          "url": "https://patreon.com/thing_umbrella"
        },
        {
          "type": "liberapay",
          "url": "https://liberapay.com/thi.ng"
        }
      ],
      "license": "Apache-2.0",
      "engines": {
        "node": ">=18"
      }
    },
    "node_modules/@thi.ng/arrays": {
      "version": "2.13.16",
      "resolved": "https://registry.npmjs.org/@thi.ng/arrays/-/arrays-2.13.16.tgz",
      "integrity": "sha512-d1r+89L3/Pqb0xbJcnENVhNMzWb9kKRv8dkt3Q9LDxwMhgsObr4q/msl9WiobjugOi+NzXEGC8elSJGFqji42Q==",
      "funding": [
        {
          "type": "github",
          "url": "https://github.com/sponsors/postspectacular"
        },
        {
          "type": "patreon",
          "url": "https://patreon.com/thing_umbrella"
        },
        {
          "type": "liberapay",
          "url": "https://liberapay.com/thi.ng"
        }
      ],
      "license": "Apache-2.0",
      "dependencies": {
        "@thi.ng/api": "^8.12.7",
        "@thi.ng/checks": "^3.7.23",
        "@thi.ng/compare": "^2.4.33",
        "@thi.ng/equiv": "^2.1.97",
        "@thi.ng/errors": "^2.5.47",
        "@thi.ng/random": "^4.1.32"
      },
      "engines": {
        "node": ">=18"
      }
    },
    "node_modules/@thi.ng/binary": {
      "version": "3.4.65",
      "resolved": "https://registry.npmjs.org/@thi.ng/binary/-/binary-3.4.65.tgz",
      "integrity": "sha512-vwiL01FqIhzrt3VAGxy5lGwzkTa6t2x0C2k197uOUlaeVyIaLm+rSYSySQ6+PbYy340WxbSU7xma3HKaRu0RRA==",
      "funding": [
        {
          "type": "github",
          "url": "https://github.com/sponsors/postspectacular"
        },
        {
          "type": "patreon",
          "url": "https://patreon.com/thing_umbrella"
        },
        {
          "type": "liberapay",
          "url": "https://liberapay.com/thi.ng"
        }
      ],
      "license": "Apache-2.0",
      "dependencies": {
        "@thi.ng/api": "^8.12.7"
      },
      "engines": {
        "node": ">=18"
      }
    },
    "node_modules/@thi.ng/checks": {
      "version": "3.7.23",
      "resolved": "https://registry.npmjs.org/@thi.ng/checks/-/checks-3.7.23.tgz",
      "integrity": "sha512-bGUBoYUWUZHXTG2ZlhSO86ofDjHnGxP+s9k3UJ2N1lzZ5fbyb1G6SppcIwBOw67KeEiMLb2BK7rBd5sUCyQ5OQ==",
      "funding": [
        {
          "type": "github",
          "url": "https://github.com/sponsors/postspectacular"
        },
        {
          "type": "patreon",
          "url": "https://patreon.com/thing_umbrella"
        },
        {
          "type": "liberapay",
          "url": "https://liberapay.com/thi.ng"
        }
      ],
      "license": "Apache-2.0",
      "engines": {
        "node": ">=18"
      }
    },
    "node_modules/@thi.ng/compare": {
      "version": "2.4.33",
      "resolved": "https://registry.npmjs.org/@thi.ng/compare/-/compare-2.4.33.tgz",
      "integrity": "sha512-CgQPuzHzH/K30iKLSW2QL5KLgPtq4lteObdIFYyyFuAB4D7IqHmsPY9hC7XemQGBz5kdE8JTuDiW6V1Ug2ReyA==",
      "funding": [
        {
          "type": "github",
          "url": "https://github.com/sponsors/postspectacular"
        },
        {
          "type": "patreon",
          "url": "https://patreon.com/thing_umbrella"
        },
        {
          "type": "liberapay",
          "url": "https://liberapay.com/thi.ng"
        }
      ],
      "license": "Apache-2.0",
      "dependencies": {
        "@thi.ng/api": "^8.12.7"
      },
      "engines": {
        "node": ">=18"
      }
    },
    "node_modules/@thi.ng/compose": {
      "version": "3.0.44",
      "resolved": "https://registry.npmjs.org/@thi.ng/compose/-/compose-3.0.44.tgz",
      "integrity": "sha512-P+Rqh3mkkQu43W0UTwvln/twSfNXJn6QQStzWUHpyJmUEvoyR3x1RRVx6eGUY6sWG7oNhhsuV0sGvnSQBiCRpw==",
      "funding": [
        {
          "type": "github",
          "url": "https://github.com/sponsors/postspectacular"
        },
        {
          "type": "patreon",
          "url": "https://patreon.com/thing_umbrella"
        },
        {
          "type": "liberapay",
          "url": "https://liberapay.com/thi.ng"
        }
      ],
      "license": "Apache-2.0",
      "dependencies": {
        "@thi.ng/api": "^8.12.7",
        "@thi.ng/errors": "^2.5.47"
      },
      "engines": {
        "node": ">=18"
      }
    },
    "node_modules/@thi.ng/equiv": {
      "version": "2.1.97",
      "resolved": "https://registry.npmjs.org/@thi.ng/equiv/-/equiv-2.1.97.tgz",
      "integrity": "sha512-/2aCGXAVOSr47MHQsPH8mKfBTexXADurauhyO9iLI0ahFxi5qchMj6gltN+CSAbZ211kovY7gaJQ1j6i8xGlLA==",
      "funding": [
        {
          "type": "github",
          "url": "https://github.com/sponsors/postspectacular"
        },
        {
          "type": "patreon",
          "url": "https://patreon.com/thing_umbrella"
        },
        {
          "type": "liberapay",
          "url": "https://liberapay.com/thi.ng"
        }
      ],
      "license": "Apache-2.0",
      "engines": {
        "node": ">=18"
      }
    },
    "node_modules/@thi.ng/errors": {
      "version": "2.5.47",
      "resolved": "https://registry.npmjs.org/@thi.ng/errors/-/errors-2.5.47.tgz",
      "integrity": "sha512-7UmCduMzb8HYZ1g26cvBNUvwquY48QhrAA7n8Ic5VdrpFvjuBIzS8hPtzCeXpnl59tdWdkYQflp9BdKBd3Y6MQ==",
      "funding": [
        {
          "type": "github",
          "url": "https://github.com/sponsors/postspectacular"
        },
        {
          "type": "patreon",
          "url": "https://patreon.com/thing_umbrella"
        },
        {
          "type": "liberapay",
          "url": "https://liberapay.com/thi.ng"
        }
      ],
      "license": "Apache-2.0",
      "engines": {
        "node": ">=18"
      }
    },
    "node_modules/@thi.ng/hex": {
      "version": "2.3.85",
      "resolved": "https://registry.npmjs.org/@thi.ng/hex/-/hex-2.3.85.tgz",
      "integrity": "sha512-kGK7J50G5eij7RgRtJkIPoNQvUOnxysZVoOe2WFi+w+ZAco8OAQ+XwvxZj7VsvmlNDVp0vtpCBMaMpUAt02+/Q==",
      "funding": [
        {
          "type": "github",
          "url": "https://github.com/sponsors/postspectacular"
        },
        {
          "type": "patreon",
          "url": "https://patreon.com/thing_umbrella"
        },
        {
          "type": "liberapay",
          "url": "https://liberapay.com/thi.ng"
        }
      ],
      "license": "Apache-2.0",
      "engines": {
        "node": ">=18"
      }
    },
    "node_modules/@thi.ng/math": {
      "version": "5.13.4",
      "resolved": "https://registry.npmjs.org/@thi.ng/math/-/math-5.13.4.tgz",
      "integrity": "sha512-RaVmx0tWwpkxUijXfFsz0zR/JCVOD8W0lmNgCGdY9v5BqGAkIEOZwffbBfuLGQsPNrM5Qepofz+EC17hiyXIpQ==",
      "funding": [
        {
          "type": "github",
          "url": "https://github.com/sponsors/postspectacular"
        },
        {
          "type": "patreon",
          "url": "https://patreon.com/thing_umbrella"
        },
        {
          "type": "liberapay",
          "url": "https://liberapay.com/thi.ng"
        }
      ],
      "license": "Apache-2.0",
      "dependencies": {
        "@thi.ng/api": "^8.12.7"
      },
      "engines": {
        "node": ">=18"
      }
    },
    "node_modules/@thi.ng/memoize": {
      "version": "4.0.31",
      "resolved": "https://registry.npmjs.org/@thi.ng/memoize/-/memoize-4.0.31.tgz",
      "integrity": "sha512-Om42EzViIntqDqL881X/bctQM+rzCUUMaMRFFhFlOiMD/q5QMGZAnIN9ltIf4pi3MZms2EZOfi70zrit8zHoRw==",
      "funding": [
        {
          "type": "github",
          "url": "https://github.com/sponsors/postspectacular"
        },
        {
          "type": "patreon",
          "url": "https://patreon.com/thing_umbrella"
        },
        {
          "type": "liberapay",
          "url": "https://liberapay.com/thi.ng"
        }
      ],
      "license": "Apache-2.0",
      "dependencies": {
        "@thi.ng/api": "^8.12.7"
      },
      "engines": {
        "node": ">=18"
      }
    },
    "node_modules/@thi.ng/random": {
      "version": "4.1.32",
      "resolved": "https://registry.npmjs.org/@thi.ng/random/-/random-4.1.32.tgz",
      "integrity": "sha512-y3/9sF4mxAKISpt0/vbKBXeqbRLhUQqSOWiF1QIuXkWSplJfRX2uk+OhT5smwbnO0Gue86oGHVi47a+anySh3A==",
      "funding": [
        {
          "type": "github",
          "url": "https://github.com/sponsors/postspectacular"
        },
        {
          "type": "patreon",
          "url": "https://patreon.com/thing_umbrella"
        },
        {
          "type": "liberapay",
          "url": "https://liberapay.com/thi.ng"
        }
      ],
      "license": "Apache-2.0",
      "dependencies": {
        "@thi.ng/api": "^8.12.7",
        "@thi.ng/errors": "^2.5.47"
      },
      "engines": {
        "node": ">=18"
      }
    },
    "node_modules/@thi.ng/strings": {
      "version": "3.9.27",
      "resolved": "https://registry.npmjs.org/@thi.ng/strings/-/strings-3.9.27.tgz",
      "integrity": "sha512-wmt7Eq0Kgai+KVXcQYHReX5GifPMGbjhyFSaunhu/WGgOxSJrLCQm1i0R+wmqEMwEZXI0R0xFMRkE90Wnc2WvA==",
      "funding": [
        {
          "type": "github",
          "url": "https://github.com/sponsors/postspectacular"
        },
        {
          "type": "patreon",
          "url": "https://patreon.com/thing_umbrella"
        },
        {
          "type": "liberapay",
          "url": "https://liberapay.com/thi.ng"
        }
      ],
      "license": "Apache-2.0",
      "dependencies": {
        "@thi.ng/api": "^8.12.7",
        "@thi.ng/errors": "^2.5.47",
        "@thi.ng/hex": "^2.3.85",
        "@thi.ng/memoize": "^4.0.31"
      },
      "engines": {
        "node": ">=18"
      }
    },
    "node_modules/@thi.ng/timestamp": {
      "version": "1.1.26",
      "resolved": "https://registry.npmjs.org/@thi.ng/timestamp/-/timestamp-1.1.26.tgz",
      "integrity": "sha512-sk+602aBt6Jl3qqzDuglezReNrzigTexOl+Jc/2/nZZbV7BR/Erz1LPLeVhSijk53Kya6rpQvaiARwCs+oXPpQ==",
      "funding": [
        {
          "type": "github",
          "url": "https://github.com/sponsors/postspectacular"
        },
        {
          "type": "patreon",
          "url": "https://patreon.com/thing_umbrella"
        },
        {
          "type": "liberapay",
          "url": "https://liberapay.com/thi.ng"
        }
      ],
      "license": "Apache-2.0",
      "engines": {
        "node": ">=18"
      }
    },
    "node_modules/@thi.ng/transducers": {
      "version": "9.6.15",
      "resolved": "https://registry.npmjs.org/@thi.ng/transducers/-/transducers-9.6.15.tgz",
      "integrity": "sha512-Uvrcs9iXFdVtGhNCBnji62yFqU+gaZWR99s5yNwhYw/vGOkSjqzt7M+zXvhdPLqHXPQpEV4ih3W1VP+OZv4Q6g==",
      "funding": [
        {
          "type": "github",
          "url": "https://github.com/sponsors/postspectacular"
        },
        {
          "type": "patreon",
          "url": "https://patreon.com/thing_umbrella"
        },
        {
          "type": "liberapay",
          "url": "https://liberapay.com/thi.ng"
        }
      ],
      "license": "Apache-2.0",
      "dependencies": {
        "@thi.ng/api": "^8.12.7",
        "@thi.ng/arrays": "^2.13.16",
        "@thi.ng/checks": "^3.7.23",
        "@thi.ng/compare": "^2.4.33",
        "@thi.ng/compose": "^3.0.44",
        "@thi.ng/errors": "^2.5.47",
        "@thi.ng/math": "^5.13.4",
        "@thi.ng/random": "^4.1.32",
        "@thi.ng/timestamp": "^1.1.26"
      },
      "engines": {
        "node": ">=18"
      }
    },
    "node_modules/@thi.ng/tsne": {
      "version": "0.1.43",
      "resolved": "https://registry.npmjs.org/@thi.ng/tsne/-/tsne-0.1.43.tgz",
      "integrity": "sha512-CpUrwbL2N829hx+D0Qmf/z1HrA4peqTzYK3amwpXB2EpUfiwV5QDDGoUXx/JrqNCYyTUU6LUfeIgmgLhE4wI5g==",
      "funding": [
        {
          "type": "github",
          "url": "https://github.com/sponsors/postspectacular"
        },
        {
          "type": "patreon",
          "url": "https://patreon.com/thing_umbrella"
        },
        {
          "type": "liberapay",
          "url": "https://liberapay.com/thi.ng"
        }
      ],
      "license": "Apache-2.0",
      "dependencies": {
        "@thi.ng/api": "^8.12.7",
        "@thi.ng/math": "^5.13.4",
        "@thi.ng/random": "^4.1.32",
        "@thi.ng/transducers": "^9.6.15",
        "@thi.ng/vectors": "^8.6.11"
      },
      "engines": {
        "node": ">=18"
      }
    },
    "node_modules/@thi.ng/vectors": {
      "version": "8.6.11",
      "resolved": "https://registry.npmjs.org/@thi.ng/vectors/-/vectors-8.6.11.tgz",
      "integrity": "sha512-ODZ7HZk0xRizaDivKYdEWY6rBk9hX52vaeuF16/ebQxa3EpEqltq8nGuI3YAT0zniBr6AK20Sr4bf+BQxgi3Rg==",
      "funding": [
        {
          "type": "github",
          "url": "https://github.com/sponsors/postspectacular"
        },
        {
          "type": "patreon",
          "url": "https://patreon.com/thing_umbrella"
        },
        {
          "type": "liberapay",
          "url": "https://liberapay.com/thi.ng"
        }
      ],
      "license": "Apache-2.0",
      "dependencies": {
        "@thi.ng/api": "^8.12.7",
        "@thi.ng/binary": "^3.4.65",
        "@thi.ng/checks": "^3.7.23",
        "@thi.ng/errors": "^2.5.47",
        "@thi.ng/math": "^5.13.4",
        "@thi.ng/memoize": "^4.0.31",
        "@thi.ng/random": "^4.1.32",
        "@thi.ng/strings": "^3.9.27"
      },
      "engines": {
        "node": ">=18"
      }
    },
    "node_modules/openai": {
      "version": "6.7.0",
      "resolved": "https://registry.npmjs.org/openai/-/openai-6.7.0.tgz",
      "integrity": "sha512-mgSQXa3O/UXTbA8qFzoa7aydbXBJR5dbLQXCRapAOtoNT+v69sLdKMZzgiakpqhclRnhPggPAXoniVGn2kMY2A==",
      "license": "Apache-2.0",
      "bin": {
        "openai": "bin/cli"
      },
      "peerDependencies": {
        "ws": "^8.18.0",
        "zod": "^3.25 || ^4.0"
      },
      "peerDependenciesMeta": {
        "ws": {
          "optional": true
        },
        "zod": {
          "optional": true
        }
      }
    }
  }
}
